
Microsoft Visual Studio Solution File, Format Version 12.00
# Visual Studio Version 16
VisualStudioVersion = 16.0.30114.105
MinimumVisualStudioVersion = 10.0.40219.1
Project("{FAE04EC0-301F-11D3-BF4B-00C04F79EFBC}") = "AddCraftableObjects_Plugin", "AddCraftableObjects_Plugin\AddCraftableObjects_Plugin.csproj", "{2579891B-59D9-4FF3-8599-B69A343EA56C}"
EndProject
Project("{FAE04EC0-301F-11D3-BF4B-00C04F79EFBC}") = "SeedSpreaderSeeds_Plugin", "SeedSpreaderSeeds_Plugin\SeedSpreaderSeeds_Plugin.csproj", "{62896474-BD5C-41B5-9106-9E7F4BF9AA81}"
EndProject
Project("{FAE04EC0-301F-11D3-BF4B-00C04F79EFBC}") = "Vehicle_Plugin", "Vehicle_Plugin\Vehicle_Plugin.csproj", "{71FFC17F-9820-471B-9A71-9DD7AEFFE91A}"
EndProject
Project("{FAE04EC0-301F-11D3-BF4B-00C04F79EFBC}") = "OreExtractorTweaks_Plugin", "OreExtractorTweaks\OreExtractorTweaks_Plugin.csproj", "{55316EEA-6755-4447-953F-D30CC0549562}"
EndProject
Project("{FAE04EC0-301F-11D3-BF4B-00C04F79EFBC}") = "RecyclingVeggies_Plugin", "RecyclingVeggies\RecyclingVeggies_Plugin.csproj", "{5C56EE70-52BA-4B4D-AA53-72BF45074551}"
EndProject
Project("{FAE04EC0-301F-11D3-BF4B-00C04F79EFBC}") = "AsteroidTweaks_Plugin", "AsteroidTweaks\AsteroidTweaks_Plugin.csproj", "{1EBE1686-D50D-49FF-82A5-DF2475E5D0BC}"
EndProject
Project("{FAE04EC0-301F-11D3-BF4B-00C04F79EFBC}") = "Teleporters_Plugin", "Teleporters\Teleporters_Plugin.csproj", "{C578FB47-566F-40EE-AC98-D5437E11E428}"
EndProject
Project("{FAE04EC0-301F-11D3-BF4B-00C04F79EFBC}") = "RecipeExportImport_Plugin", "RecipeExportImport_Plugin\RecipeExportImport_Plugin.csproj", "{CE5A728A-FCC1-4F1F-AF0C-F03D9E768072}"
EndProject
Global
	GlobalSection(SolutionConfigurationPlatforms) = preSolution
		Debug|Any CPU = Debug|Any CPU
		Release|Any CPU = Release|Any CPU
	EndGlobalSection
	GlobalSection(SolutionProperties) = preSolution
		HideSolutionNode = FALSE
	EndGlobalSection
	GlobalSection(ProjectConfigurationPlatforms) = postSolution
		{2579891B-59D9-4FF3-8599-B69A343EA56C}.Debug|Any CPU.ActiveCfg = Debug|Any CPU
		{2579891B-59D9-4FF3-8599-B69A343EA56C}.Debug|Any CPU.Build.0 = Debug|Any CPU
		{2579891B-59D9-4FF3-8599-B69A343EA56C}.Release|Any CPU.ActiveCfg = Release|Any CPU
		{2579891B-59D9-4FF3-8599-B69A343EA56C}.Release|Any CPU.Build.0 = Release|Any CPU
		{62896474-BD5C-41B5-9106-9E7F4BF9AA81}.Debug|Any CPU.ActiveCfg = Debug|Any CPU
		{62896474-BD5C-41B5-9106-9E7F4BF9AA81}.Debug|Any CPU.Build.0 = Debug|Any CPU
		{62896474-BD5C-41B5-9106-9E7F4BF9AA81}.Release|Any CPU.ActiveCfg = Release|Any CPU
		{62896474-BD5C-41B5-9106-9E7F4BF9AA81}.Release|Any CPU.Build.0 = Release|Any CPU
		{71FFC17F-9820-471B-9A71-9DD7AEFFE91A}.Debug|Any CPU.ActiveCfg = Debug|Any CPU
		{71FFC17F-9820-471B-9A71-9DD7AEFFE91A}.Debug|Any CPU.Build.0 = Debug|Any CPU
		{71FFC17F-9820-471B-9A71-9DD7AEFFE91A}.Release|Any CPU.ActiveCfg = Release|Any CPU
		{71FFC17F-9820-471B-9A71-9DD7AEFFE91A}.Release|Any CPU.Build.0 = Release|Any CPU
		{55316EEA-6755-4447-953F-D30CC0549562}.Debug|Any CPU.ActiveCfg = Debug|Any CPU
		{55316EEA-6755-4447-953F-D30CC0549562}.Debug|Any CPU.Build.0 = Debug|Any CPU
		{55316EEA-6755-4447-953F-D30CC0549562}.Release|Any CPU.ActiveCfg = Release|Any CPU
		{55316EEA-6755-4447-953F-D30CC0549562}.Release|Any CPU.Build.0 = Release|Any CPU
		{5C56EE70-52BA-4B4D-AA53-72BF45074551}.Debug|Any CPU.ActiveCfg = Debug|Any CPU
		{5C56EE70-52BA-4B4D-AA53-72BF45074551}.Debug|Any CPU.Build.0 = Debug|Any CPU
		{5C56EE70-52BA-4B4D-AA53-72BF45074551}.Release|Any CPU.ActiveCfg = Release|Any CPU
		{5C56EE70-52BA-4B4D-AA53-72BF45074551}.Release|Any CPU.Build.0 = Release|Any CPU
		{1EBE1686-D50D-49FF-82A5-DF2475E5D0BC}.Debug|Any CPU.ActiveCfg = Debug|Any CPU
		{1EBE1686-D50D-49FF-82A5-DF2475E5D0BC}.Debug|Any CPU.Build.0 = Debug|Any CPU
		{1EBE1686-D50D-49FF-82A5-DF2475E5D0BC}.Release|Any CPU.ActiveCfg = Release|Any CPU
		{1EBE1686-D50D-49FF-82A5-DF2475E5D0BC}.Release|Any CPU.Build.0 = Release|Any CPU
		{C578FB47-566F-40EE-AC98-D5437E11E428}.Debug|Any CPU.ActiveCfg = Debug|Any CPU
		{C578FB47-566F-40EE-AC98-D5437E11E428}.Debug|Any CPU.Build.0 = Debug|Any CPU
		{C578FB47-566F-40EE-AC98-D5437E11E428}.Release|Any CPU.ActiveCfg = Release|Any CPU
		{C578FB47-566F-40EE-AC98-D5437E11E428}.Release|Any CPU.Build.0 = Release|Any CPU
		{CE5A728A-FCC1-4F1F-AF0C-F03D9E768072}.Debug|Any CPU.ActiveCfg = Debug|Any CPU
		{CE5A728A-FCC1-4F1F-AF0C-F03D9E768072}.Debug|Any CPU.Build.0 = Debug|Any CPU
		{CE5A728A-FCC1-4F1F-AF0C-F03D9E768072}.Release|Any CPU.ActiveCfg = Release|Any CPU
		{CE5A728A-FCC1-4F1F-AF0C-F03D9E768072}.Release|Any CPU.Build.0 = Release|Any CPU
	EndGlobalSection
EndGlobal
